
Microsoft Visual Studio Solution File, Format Version 12.00
# Visual Studio Version 17
VisualStudioVersion = 17.7.34024.191
MinimumVisualStudioVersion = 10.0.40219.1
Project("{FAE04EC0-301F-11D3-BF4B-00C04F79EFBC}") = "FleeSimulator", "FleeSimulator\FleeSimulator.csproj", "{64D0B732-F404-46B3-A06E-EB7349E14C20}"
EndProject
Project("{FAE04EC0-301F-11D3-BF4B-00C04F79EFBC}") = "FleeSimulator.Test", "FleeSimulator.Test\FleeSimulator.Test.csproj", "{FE1676D9-3A5B-49A2-BCCB-C015ABDE810B}"
EndProject
Global
	GlobalSection(SolutionConfigurationPlatforms) = preSolution
		Debug|Any CPU = Debug|Any CPU
		Release|Any CPU = Release|Any CPU
	EndGlobalSection
	GlobalSection(ProjectConfigurationPlatforms) = postSolution
		{64D0B732-F404-46B3-A06E-EB7349E14C20}.Debug|Any CPU.ActiveCfg = Debug|Any CPU
		{64D0B732-F404-46B3-A06E-EB7349E14C20}.Debug|Any CPU.Build.0 = Debug|Any CPU
		{64D0B732-F404-46B3-A06E-EB7349E14C20}.Release|Any CPU.ActiveCfg = Release|Any CPU
		{64D0B732-F404-46B3-A06E-EB7349E14C20}.Release|Any CPU.Build.0 = Release|Any CPU
		{FE1676D9-3A5B-49A2-BCCB-C015ABDE810B}.Debug|Any CPU.ActiveCfg = Debug|Any CPU
		{FE1676D9-3A5B-49A2-BCCB-C015ABDE810B}.Debug|Any CPU.Build.0 = Debug|Any CPU
		{FE1676D9-3A5B-49A2-BCCB-C015ABDE810B}.Release|Any CPU.ActiveCfg = Release|Any CPU
		{FE1676D9-3A5B-49A2-BCCB-C015ABDE810B}.Release|Any CPU.Build.0 = Release|Any CPU
	EndGlobalSection
	GlobalSection(SolutionProperties) = preSolution
		HideSolutionNode = FALSE
	EndGlobalSection
	GlobalSection(ExtensibilityGlobals) = postSolution
		SolutionGuid = {7B08676D-AFC0-4B57-A1AA-D0098E76E841}
	EndGlobalSection
EndGlobal
