
Microsoft Visual Studio Solution File, Format Version 12.00
# Visual Studio Version 17
VisualStudioVersion = 17.3.32901.215
MinimumVisualStudioVersion = 10.0.40219.1
Project("{FAE04EC0-301F-11D3-BF4B-00C04F79EFBC}") = "Soccer", "SoccerPlayer\Soccer.csproj", "{4909145A-91C2-41B6-B481-F25F51DCD043}"
EndProject
Project("{FAE04EC0-301F-11D3-BF4B-00C04F79EFBC}") = "Soccer.Test", "SoccerPlayer.Test\Soccer.Test.csproj", "{5ABEB4EE-F718-483F-B672-948BE3AFCFA4}"
EndProject
Global
	GlobalSection(SolutionConfigurationPlatforms) = preSolution
		Debug|Any CPU = Debug|Any CPU
		Release|Any CPU = Release|Any CPU
	EndGlobalSection
	GlobalSection(ProjectConfigurationPlatforms) = postSolution
		{4909145A-91C2-41B6-B481-F25F51DCD043}.Debug|Any CPU.ActiveCfg = Debug|Any CPU
		{4909145A-91C2-41B6-B481-F25F51DCD043}.Debug|Any CPU.Build.0 = Debug|Any CPU
		{4909145A-91C2-41B6-B481-F25F51DCD043}.Release|Any CPU.ActiveCfg = Release|Any CPU
		{4909145A-91C2-41B6-B481-F25F51DCD043}.Release|Any CPU.Build.0 = Release|Any CPU
		{5ABEB4EE-F718-483F-B672-948BE3AFCFA4}.Debug|Any CPU.ActiveCfg = Debug|Any CPU
		{5ABEB4EE-F718-483F-B672-948BE3AFCFA4}.Debug|Any CPU.Build.0 = Debug|Any CPU
		{5ABEB4EE-F718-483F-B672-948BE3AFCFA4}.Release|Any CPU.ActiveCfg = Release|Any CPU
		{5ABEB4EE-F718-483F-B672-948BE3AFCFA4}.Release|Any CPU.Build.0 = Release|Any CPU
	EndGlobalSection
	GlobalSection(SolutionProperties) = preSolution
		HideSolutionNode = FALSE
	EndGlobalSection
	GlobalSection(ExtensibilityGlobals) = postSolution
		SolutionGuid = {A05119F2-B385-45AE-9B41-BFD7A14347F3}
	EndGlobalSection
EndGlobal
