
Microsoft Visual Studio Solution File, Format Version 12.00
# Visual Studio Version 17
VisualStudioVersion = 17.7.34024.191
MinimumVisualStudioVersion = 10.0.40219.1
Project("{FAE04EC0-301F-11D3-BF4B-00C04F79EFBC}") = "Books.Test", "Books.Test\Books.Test.csproj", "{A239F3EF-EAFC-4078-BD02-DE3EECAB3917}"
EndProject
Project("{FAE04EC0-301F-11D3-BF4B-00C04F79EFBC}") = "Book", "Book\Book.csproj", "{5279899D-5571-410D-848E-46D6867B6670}"
EndProject
Global
	GlobalSection(SolutionConfigurationPlatforms) = preSolution
		Debug|Any CPU = Debug|Any CPU
		Release|Any CPU = Release|Any CPU
	EndGlobalSection
	GlobalSection(ProjectConfigurationPlatforms) = postSolution
		{A239F3EF-EAFC-4078-BD02-DE3EECAB3917}.Debug|Any CPU.ActiveCfg = Debug|Any CPU
		{A239F3EF-EAFC-4078-BD02-DE3EECAB3917}.Debug|Any CPU.Build.0 = Debug|Any CPU
		{A239F3EF-EAFC-4078-BD02-DE3EECAB3917}.Release|Any CPU.ActiveCfg = Release|Any CPU
		{A239F3EF-EAFC-4078-BD02-DE3EECAB3917}.Release|Any CPU.Build.0 = Release|Any CPU
		{5279899D-5571-410D-848E-46D6867B6670}.Debug|Any CPU.ActiveCfg = Debug|Any CPU
		{5279899D-5571-410D-848E-46D6867B6670}.Debug|Any CPU.Build.0 = Debug|Any CPU
		{5279899D-5571-410D-848E-46D6867B6670}.Release|Any CPU.ActiveCfg = Release|Any CPU
		{5279899D-5571-410D-848E-46D6867B6670}.Release|Any CPU.Build.0 = Release|Any CPU
	EndGlobalSection
	GlobalSection(SolutionProperties) = preSolution
		HideSolutionNode = FALSE
	EndGlobalSection
	GlobalSection(ExtensibilityGlobals) = postSolution
		SolutionGuid = {54445DE9-C0AF-4742-A01C-FC41256FFA77}
	EndGlobalSection
EndGlobal
