
Microsoft Visual Studio Solution File, Format Version 12.00
# Visual Studio Version 17
VisualStudioVersion = 17.7.34024.191
MinimumVisualStudioVersion = 10.0.40219.1
Project("{FAE04EC0-301F-11D3-BF4B-00C04F79EFBC}") = "StudentAdministration", "StudentAdministration\StudentAdministration.csproj", "{84AF3832-D0ED-4482-A7CF-1D9CBC8350A1}"
EndProject
Project("{FAE04EC0-301F-11D3-BF4B-00C04F79EFBC}") = "StudentAdministration.Test", "StudentAdministration.Test\StudentAdministration.Test.csproj", "{E4D4722B-8B1F-4F18-AB1F-F870B5569350}"
EndProject
Global
	GlobalSection(SolutionConfigurationPlatforms) = preSolution
		Debug|Any CPU = Debug|Any CPU
		Release|Any CPU = Release|Any CPU
	EndGlobalSection
	GlobalSection(ProjectConfigurationPlatforms) = postSolution
		{84AF3832-D0ED-4482-A7CF-1D9CBC8350A1}.Debug|Any CPU.ActiveCfg = Debug|Any CPU
		{84AF3832-D0ED-4482-A7CF-1D9CBC8350A1}.Debug|Any CPU.Build.0 = Debug|Any CPU
		{84AF3832-D0ED-4482-A7CF-1D9CBC8350A1}.Release|Any CPU.ActiveCfg = Release|Any CPU
		{84AF3832-D0ED-4482-A7CF-1D9CBC8350A1}.Release|Any CPU.Build.0 = Release|Any CPU
		{E4D4722B-8B1F-4F18-AB1F-F870B5569350}.Debug|Any CPU.ActiveCfg = Debug|Any CPU
		{E4D4722B-8B1F-4F18-AB1F-F870B5569350}.Debug|Any CPU.Build.0 = Debug|Any CPU
		{E4D4722B-8B1F-4F18-AB1F-F870B5569350}.Release|Any CPU.ActiveCfg = Release|Any CPU
		{E4D4722B-8B1F-4F18-AB1F-F870B5569350}.Release|Any CPU.Build.0 = Release|Any CPU
	EndGlobalSection
	GlobalSection(SolutionProperties) = preSolution
		HideSolutionNode = FALSE
	EndGlobalSection
	GlobalSection(ExtensibilityGlobals) = postSolution
		SolutionGuid = {1629BDCF-6044-4FB0-B8B0-8746B458417D}
	EndGlobalSection
EndGlobal
